
Microsoft Visual Studio Solution File, Format Version 12.00
# Visual Studio 15
VisualStudioVersion = 15.0.27413.0
MinimumVisualStudioVersion = 10.0.40219.1
Project("{FAE04EC0-301F-11D3-BF4B-00C04F79EFBC}") = "Awful.Core", "Awful\Awful.Core.csproj", "{DAD85840-AF81-4954-BF7B-73C94DFBC336}"
EndProject
Project("{FAE04EC0-301F-11D3-BF4B-00C04F79EFBC}") = "Awful.Console", "Awful.Console\Awful.Console.csproj", "{73E40729-CDE6-4174-9073-6AE94301BB96}"
EndProject
Project("{FAE04EC0-301F-11D3-BF4B-00C04F79EFBC}") = "Awful.Web", "Awful.Web\Awful.Web.csproj", "{10E6C643-86F4-47C3-BB9A-27C6917D91BE}"
EndProject
Global
	GlobalSection(SolutionConfigurationPlatforms) = preSolution
		Debug|Any CPU = Debug|Any CPU
		Release|Any CPU = Release|Any CPU
	EndGlobalSection
	GlobalSection(ProjectConfigurationPlatforms) = postSolution
		{DAD85840-AF81-4954-BF7B-73C94DFBC336}.Debug|Any CPU.ActiveCfg = Debug|Any CPU
		{DAD85840-AF81-4954-BF7B-73C94DFBC336}.Debug|Any CPU.Build.0 = Debug|Any CPU
		{DAD85840-AF81-4954-BF7B-73C94DFBC336}.Release|Any CPU.ActiveCfg = Release|Any CPU
		{DAD85840-AF81-4954-BF7B-73C94DFBC336}.Release|Any CPU.Build.0 = Release|Any CPU
		{73E40729-CDE6-4174-9073-6AE94301BB96}.Debug|Any CPU.ActiveCfg = Debug|Any CPU
		{73E40729-CDE6-4174-9073-6AE94301BB96}.Debug|Any CPU.Build.0 = Debug|Any CPU
		{73E40729-CDE6-4174-9073-6AE94301BB96}.Release|Any CPU.ActiveCfg = Release|Any CPU
		{73E40729-CDE6-4174-9073-6AE94301BB96}.Release|Any CPU.Build.0 = Release|Any CPU
		{10E6C643-86F4-47C3-BB9A-27C6917D91BE}.Debug|Any CPU.ActiveCfg = Debug|Any CPU
		{10E6C643-86F4-47C3-BB9A-27C6917D91BE}.Debug|Any CPU.Build.0 = Debug|Any CPU
		{10E6C643-86F4-47C3-BB9A-27C6917D91BE}.Release|Any CPU.ActiveCfg = Release|Any CPU
		{10E6C643-86F4-47C3-BB9A-27C6917D91BE}.Release|Any CPU.Build.0 = Release|Any CPU
	EndGlobalSection
	GlobalSection(SolutionProperties) = preSolution
		HideSolutionNode = FALSE
	EndGlobalSection
	GlobalSection(ExtensibilityGlobals) = postSolution
		SolutionGuid = {9C2467D7-0A6D-4041-A163-5EB54CF9F336}
	EndGlobalSection
EndGlobal
